
Microsoft Visual Studio Solution File, Format Version 12.00
# Visual Studio Version 17
VisualStudioVersion = 17.6.33829.357
MinimumVisualStudioVersion = 10.0.40219.1
Project("{FAE04EC0-301F-11D3-BF4B-00C04F79EFBC}") = "practicaModulo6C#Proyecto1", "practicaModulo6C#Proyecto1\practicaModulo6C#Proyecto1.csproj", "{0B15EA40-CF3C-4687-8D71-8137997D0DA0}"
EndProject
Global
	GlobalSection(SolutionConfigurationPlatforms) = preSolution
		Debug|Any CPU = Debug|Any CPU
		Release|Any CPU = Release|Any CPU
	EndGlobalSection
	GlobalSection(ProjectConfigurationPlatforms) = postSolution
		{0B15EA40-CF3C-4687-8D71-8137997D0DA0}.Debug|Any CPU.ActiveCfg = Debug|Any CPU
		{0B15EA40-CF3C-4687-8D71-8137997D0DA0}.Debug|Any CPU.Build.0 = Debug|Any CPU
		{0B15EA40-CF3C-4687-8D71-8137997D0DA0}.Release|Any CPU.ActiveCfg = Release|Any CPU
		{0B15EA40-CF3C-4687-8D71-8137997D0DA0}.Release|Any CPU.Build.0 = Release|Any CPU
	EndGlobalSection
	GlobalSection(SolutionProperties) = preSolution
		HideSolutionNode = FALSE
	EndGlobalSection
	GlobalSection(ExtensibilityGlobals) = postSolution
		SolutionGuid = {6278BBEB-1D04-42A5-9B03-EF2772E8139B}
	EndGlobalSection
EndGlobal
