
Microsoft Visual Studio Solution File, Format Version 12.00
# Visual Studio Version 17
VisualStudioVersion = 17.6.33829.357
MinimumVisualStudioVersion = 10.0.40219.1
Project("{FAE04EC0-301F-11D3-BF4B-00C04F79EFBC}") = "ConversorWeb", "ConversorWeb\ConversorWeb.csproj", "{9E567CBF-7D62-4843-A356-4B00AA366DAD}"
EndProject
Global
	GlobalSection(SolutionConfigurationPlatforms) = preSolution
		Debug|Any CPU = Debug|Any CPU
		Release|Any CPU = Release|Any CPU
	EndGlobalSection
	GlobalSection(ProjectConfigurationPlatforms) = postSolution
		{9E567CBF-7D62-4843-A356-4B00AA366DAD}.Debug|Any CPU.ActiveCfg = Debug|Any CPU
		{9E567CBF-7D62-4843-A356-4B00AA366DAD}.Debug|Any CPU.Build.0 = Debug|Any CPU
		{9E567CBF-7D62-4843-A356-4B00AA366DAD}.Release|Any CPU.ActiveCfg = Release|Any CPU
		{9E567CBF-7D62-4843-A356-4B00AA366DAD}.Release|Any CPU.Build.0 = Release|Any CPU
	EndGlobalSection
	GlobalSection(SolutionProperties) = preSolution
		HideSolutionNode = FALSE
	EndGlobalSection
	GlobalSection(ExtensibilityGlobals) = postSolution
		SolutionGuid = {75240BC8-3740-4403-BFC8-DCDBEF55F827}
	EndGlobalSection
EndGlobal
