
Microsoft Visual Studio Solution File, Format Version 12.00
# Visual Studio Version 17
VisualStudioVersion = 17.6.33829.357
MinimumVisualStudioVersion = 10.0.40219.1
Project("{9A19103F-16F7-4668-BE54-9A1E7A4F7556}") = "ProyectosWebVacio", "ProyectosWebVacio\ProyectosWebVacio.csproj", "{A18E9B37-EA4F-428F-B1C1-C941775555C2}"
EndProject
Project("{FAE04EC0-301F-11D3-BF4B-00C04F79EFBC}") = "EjemploWebAspNetCore", "EjemploWebAspNetCore\EjemploWebAspNetCore.csproj", "{F9984065-934C-4EE5-A389-5BC223A9346F}"
EndProject
Project("{FAE04EC0-301F-11D3-BF4B-00C04F79EFBC}") = "EjemploBlazor", "EjemploBlazor\EjemploBlazor.csproj", "{467EC087-DA9C-4DE4-9351-0DDD32FFBB71}"
EndProject
Project("{FAE04EC0-301F-11D3-BF4B-00C04F79EFBC}") = "EjemploApi", "EjemploApi\EjemploApi.csproj", "{78ED589C-E355-46A1-9BAA-423C042BCF38}"
EndProject
Project("{FAE04EC0-301F-11D3-BF4B-00C04F79EFBC}") = "EjemploAngular", "EjemploAngular\EjemploAngular.csproj", "{75ADC5E5-1D06-44B8-893D-509B69BDEF5A}"
EndProject
Project("{FAE04EC0-301F-11D3-BF4B-00C04F79EFBC}") = "EjemploMVC", "EjemploMVC\EjemploMVC.csproj", "{F42D1251-F431-41BD-9EF4-74AEC89F3417}"
EndProject
Global
	GlobalSection(SolutionConfigurationPlatforms) = preSolution
		Debug|Any CPU = Debug|Any CPU
		Release|Any CPU = Release|Any CPU
	EndGlobalSection
	GlobalSection(ProjectConfigurationPlatforms) = postSolution
		{A18E9B37-EA4F-428F-B1C1-C941775555C2}.Debug|Any CPU.ActiveCfg = Debug|Any CPU
		{A18E9B37-EA4F-428F-B1C1-C941775555C2}.Debug|Any CPU.Build.0 = Debug|Any CPU
		{A18E9B37-EA4F-428F-B1C1-C941775555C2}.Release|Any CPU.ActiveCfg = Release|Any CPU
		{A18E9B37-EA4F-428F-B1C1-C941775555C2}.Release|Any CPU.Build.0 = Release|Any CPU
		{F9984065-934C-4EE5-A389-5BC223A9346F}.Debug|Any CPU.ActiveCfg = Debug|Any CPU
		{F9984065-934C-4EE5-A389-5BC223A9346F}.Debug|Any CPU.Build.0 = Debug|Any CPU
		{F9984065-934C-4EE5-A389-5BC223A9346F}.Release|Any CPU.ActiveCfg = Release|Any CPU
		{F9984065-934C-4EE5-A389-5BC223A9346F}.Release|Any CPU.Build.0 = Release|Any CPU
		{467EC087-DA9C-4DE4-9351-0DDD32FFBB71}.Debug|Any CPU.ActiveCfg = Debug|Any CPU
		{467EC087-DA9C-4DE4-9351-0DDD32FFBB71}.Debug|Any CPU.Build.0 = Debug|Any CPU
		{467EC087-DA9C-4DE4-9351-0DDD32FFBB71}.Release|Any CPU.ActiveCfg = Release|Any CPU
		{467EC087-DA9C-4DE4-9351-0DDD32FFBB71}.Release|Any CPU.Build.0 = Release|Any CPU
		{78ED589C-E355-46A1-9BAA-423C042BCF38}.Debug|Any CPU.ActiveCfg = Debug|Any CPU
		{78ED589C-E355-46A1-9BAA-423C042BCF38}.Debug|Any CPU.Build.0 = Debug|Any CPU
		{78ED589C-E355-46A1-9BAA-423C042BCF38}.Release|Any CPU.ActiveCfg = Release|Any CPU
		{78ED589C-E355-46A1-9BAA-423C042BCF38}.Release|Any CPU.Build.0 = Release|Any CPU
		{75ADC5E5-1D06-44B8-893D-509B69BDEF5A}.Debug|Any CPU.ActiveCfg = Debug|Any CPU
		{75ADC5E5-1D06-44B8-893D-509B69BDEF5A}.Debug|Any CPU.Build.0 = Debug|Any CPU
		{75ADC5E5-1D06-44B8-893D-509B69BDEF5A}.Release|Any CPU.ActiveCfg = Release|Any CPU
		{75ADC5E5-1D06-44B8-893D-509B69BDEF5A}.Release|Any CPU.Build.0 = Release|Any CPU
		{F42D1251-F431-41BD-9EF4-74AEC89F3417}.Debug|Any CPU.ActiveCfg = Debug|Any CPU
		{F42D1251-F431-41BD-9EF4-74AEC89F3417}.Debug|Any CPU.Build.0 = Debug|Any CPU
		{F42D1251-F431-41BD-9EF4-74AEC89F3417}.Release|Any CPU.ActiveCfg = Release|Any CPU
		{F42D1251-F431-41BD-9EF4-74AEC89F3417}.Release|Any CPU.Build.0 = Release|Any CPU
	EndGlobalSection
	GlobalSection(SolutionProperties) = preSolution
		HideSolutionNode = FALSE
	EndGlobalSection
	GlobalSection(ExtensibilityGlobals) = postSolution
		SolutionGuid = {A239DBDE-3612-40A8-A632-E97E716B90FF}
	EndGlobalSection
EndGlobal
