
Microsoft Visual Studio Solution File, Format Version 12.00
# Visual Studio Version 17
VisualStudioVersion = 17.6.33829.357
MinimumVisualStudioVersion = 10.0.40219.1
Project("{9A19103F-16F7-4668-BE54-9A1E7A4F7556}") = "EjemploMetodoExtension", "EjemploMetodoExtension\EjemploMetodoExtension.csproj", "{5125EEE6-7409-4005-ACE3-037F1FF9CE6A}"
EndProject
Project("{9A19103F-16F7-4668-BE54-9A1E7A4F7556}") = "Extensiones", "Extensiones\Extensiones.csproj", "{1434BBBA-1F44-40FB-8576-DBCE7B7C481C}"
EndProject
Project("{9A19103F-16F7-4668-BE54-9A1E7A4F7556}") = "EjemploFuncAction", "EjemploFuncAction\EjemploFuncAction.csproj", "{671B7EBA-A4A1-41DD-A869-475DBD799A4B}"
EndProject
Project("{FAE04EC0-301F-11D3-BF4B-00C04F79EFBC}") = "EjLINQ", "EjLINQ\EjLINQ.csproj", "{8183AA01-DB55-43F4-807D-87CAC40AAC63}"
EndProject
Global
	GlobalSection(SolutionConfigurationPlatforms) = preSolution
		Debug|Any CPU = Debug|Any CPU
		Release|Any CPU = Release|Any CPU
	EndGlobalSection
	GlobalSection(ProjectConfigurationPlatforms) = postSolution
		{5125EEE6-7409-4005-ACE3-037F1FF9CE6A}.Debug|Any CPU.ActiveCfg = Debug|Any CPU
		{5125EEE6-7409-4005-ACE3-037F1FF9CE6A}.Debug|Any CPU.Build.0 = Debug|Any CPU
		{5125EEE6-7409-4005-ACE3-037F1FF9CE6A}.Release|Any CPU.ActiveCfg = Release|Any CPU
		{5125EEE6-7409-4005-ACE3-037F1FF9CE6A}.Release|Any CPU.Build.0 = Release|Any CPU
		{1434BBBA-1F44-40FB-8576-DBCE7B7C481C}.Debug|Any CPU.ActiveCfg = Debug|Any CPU
		{1434BBBA-1F44-40FB-8576-DBCE7B7C481C}.Debug|Any CPU.Build.0 = Debug|Any CPU
		{1434BBBA-1F44-40FB-8576-DBCE7B7C481C}.Release|Any CPU.ActiveCfg = Release|Any CPU
		{1434BBBA-1F44-40FB-8576-DBCE7B7C481C}.Release|Any CPU.Build.0 = Release|Any CPU
		{671B7EBA-A4A1-41DD-A869-475DBD799A4B}.Debug|Any CPU.ActiveCfg = Debug|Any CPU
		{671B7EBA-A4A1-41DD-A869-475DBD799A4B}.Debug|Any CPU.Build.0 = Debug|Any CPU
		{671B7EBA-A4A1-41DD-A869-475DBD799A4B}.Release|Any CPU.ActiveCfg = Release|Any CPU
		{671B7EBA-A4A1-41DD-A869-475DBD799A4B}.Release|Any CPU.Build.0 = Release|Any CPU
		{8183AA01-DB55-43F4-807D-87CAC40AAC63}.Debug|Any CPU.ActiveCfg = Debug|Any CPU
		{8183AA01-DB55-43F4-807D-87CAC40AAC63}.Debug|Any CPU.Build.0 = Debug|Any CPU
		{8183AA01-DB55-43F4-807D-87CAC40AAC63}.Release|Any CPU.ActiveCfg = Release|Any CPU
		{8183AA01-DB55-43F4-807D-87CAC40AAC63}.Release|Any CPU.Build.0 = Release|Any CPU
	EndGlobalSection
	GlobalSection(SolutionProperties) = preSolution
		HideSolutionNode = FALSE
	EndGlobalSection
	GlobalSection(ExtensibilityGlobals) = postSolution
		SolutionGuid = {3BA94384-4169-4DAB-8922-B693C4948090}
	EndGlobalSection
EndGlobal
